
Microsoft Visual Studio Solution File, Format Version 12.00
# Visual Studio Version 17
VisualStudioVersion = 17.11.35222.181
MinimumVisualStudioVersion = 10.0.40219.1
Project("{FAE04EC0-301F-11D3-BF4B-00C04F79EFBC}") = "fulbank", "fulbank\fulbank.csproj", "{63076290-BCE2-43B9-AB4A-55FC645C6B26}"
EndProject
Project("{54435603-DBB4-11D2-8724-00A0C9A8B90C}") = "FulbankInstaller", "FulbankInstaller\FulbankInstaller.vdproj", "{8E05FB9F-163A-681E-13CB-7F5CBDB49F19}"
EndProject
Project("{FAE04EC0-301F-11D3-BF4B-00C04F79EFBC}") = "FulBank.Tests", "FulBank.Tests\FulBank.Tests.csproj", "{4A858A83-D427-41A2-9DAE-9E623DCBA26F}"
EndProject
Global
	GlobalSection(SolutionConfigurationPlatforms) = preSolution
		Debug|Any CPU = Debug|Any CPU
		Release|Any CPU = Release|Any CPU
	EndGlobalSection
	GlobalSection(ProjectConfigurationPlatforms) = postSolution
		{63076290-BCE2-43B9-AB4A-55FC645C6B26}.Debug|Any CPU.ActiveCfg = Debug|Any CPU
		{63076290-BCE2-43B9-AB4A-55FC645C6B26}.Debug|Any CPU.Build.0 = Debug|Any CPU
		{63076290-BCE2-43B9-AB4A-55FC645C6B26}.Release|Any CPU.ActiveCfg = Release|Any CPU
		{63076290-BCE2-43B9-AB4A-55FC645C6B26}.Release|Any CPU.Build.0 = Release|Any CPU
		{8E05FB9F-163A-681E-13CB-7F5CBDB49F19}.Debug|Any CPU.ActiveCfg = Debug|Any CPU
		{8E05FB9F-163A-681E-13CB-7F5CBDB49F19}.Debug|Any CPU.Build.0 = Debug|Any CPU
		{8E05FB9F-163A-681E-13CB-7F5CBDB49F19}.Release|Any CPU.ActiveCfg = Release|Any CPU
		{8E05FB9F-163A-681E-13CB-7F5CBDB49F19}.Release|Any CPU.Build.0 = Release|Any CPU
		{4A858A83-D427-41A2-9DAE-9E623DCBA26F}.Debug|Any CPU.ActiveCfg = Debug|Any CPU
		{4A858A83-D427-41A2-9DAE-9E623DCBA26F}.Debug|Any CPU.Build.0 = Debug|Any CPU
		{4A858A83-D427-41A2-9DAE-9E623DCBA26F}.Release|Any CPU.ActiveCfg = Release|Any CPU
		{4A858A83-D427-41A2-9DAE-9E623DCBA26F}.Release|Any CPU.Build.0 = Release|Any CPU
	EndGlobalSection
	GlobalSection(SolutionProperties) = preSolution
		HideSolutionNode = FALSE
	EndGlobalSection
	GlobalSection(ExtensibilityGlobals) = postSolution
		SolutionGuid = {639857A1-4166-4935-A2FB-9560B260DEBF}
	EndGlobalSection
EndGlobal
